// !$*UTF8*$!
{
	archiveVersion = 1;
	classes = {
	};
	objectVersion = 46;
	objects = {

/* Begin PBXBuildFile section */
		1A22A7EDFEB7C404390C1EAB /* Pods_Twitter.framework in Frameworks */ = {isa = PBXBuildFile; fileRef = 9C03585349EE997A83188C84 /* Pods_Twitter.framework */; };
		60FCFC6A1DC183B4004F1D45 /* AppDelegate.swift in Sources */ = {isa = PBXBuildFile; fileRef = 60FCFC691DC183B4004F1D45 /* AppDelegate.swift */; };
		60FCFC6C1DC183B4004F1D45 /* ViewController.swift in Sources */ = {isa = PBXBuildFile; fileRef = 60FCFC6B1DC183B4004F1D45 /* ViewController.swift */; };
		60FCFC6F1DC183B4004F1D45 /* Main.storyboard in Resources */ = {isa = PBXBuildFile; fileRef = 60FCFC6D1DC183B4004F1D45 /* Main.storyboard */; };
		60FCFC711DC183B4004F1D45 /* Assets.xcassets in Resources */ = {isa = PBXBuildFile; fileRef = 60FCFC701DC183B4004F1D45 /* Assets.xcassets */; };
		60FCFC741DC183B4004F1D45 /* LaunchScreen.storyboard in Resources */ = {isa = PBXBuildFile; fileRef = 60FCFC721DC183B4004F1D45 /* LaunchScreen.storyboard */; };
		60FCFC9E1DC26CC5004F1D45 /* LoginViewController.swift in Sources */ = {isa = PBXBuildFile; fileRef = 60FCFC9D1DC26CC5004F1D45 /* LoginViewController.swift */; };
		60FCFCA01DC28503004F1D45 /* TwitterClient.swift in Sources */ = {isa = PBXBuildFile; fileRef = 60FCFC9F1DC28503004F1D45 /* TwitterClient.swift */; };
		60FCFCA21DC2910E004F1D45 /* Tweet.swift in Sources */ = {isa = PBXBuildFile; fileRef = 60FCFCA11DC2910E004F1D45 /* Tweet.swift */; };
		60FCFCA41DC29F99004F1D45 /* TimelineViewController.swift in Sources */ = {isa = PBXBuildFile; fileRef = 60FCFCA31DC29F99004F1D45 /* TimelineViewController.swift */; };
		60FCFCA61DC29FD6004F1D45 /* TweetTableViewCell.swift in Sources */ = {isa = PBXBuildFile; fileRef = 60FCFCA51DC29FD6004F1D45 /* TweetTableViewCell.swift */; };
/* End PBXBuildFile section */

/* Begin PBXFileReference section */
		4C645324D055DC1F2AE025CF /* Pods-Twitter.release.xcconfig */ = {isa = PBXFileReference; includeInIndex = 1; lastKnownFileType = text.xcconfig; name = "Pods-Twitter.release.xcconfig"; path = "Pods/Target Support Files/Pods-Twitter/Pods-Twitter.release.xcconfig"; sourceTree = "<group>"; };
		60FCFC661DC183B4004F1D45 /* Twitter.app */ = {isa = PBXFileReference; explicitFileType = wrapper.application; includeInIndex = 0; path = Twitter.app; sourceTree = BUILT_PRODUCTS_DIR; };
		60FCFC691DC183B4004F1D45 /* AppDelegate.swift */ = {isa = PBXFileReference; lastKnownFileType = sourcecode.swift; path = AppDelegate.swift; sourceTree = "<group>"; };
		60FCFC6B1DC183B4004F1D45 /* ViewController.swift */ = {isa = PBXFileReference; lastKnownFileType = sourcecode.swift; path = ViewController.swift; sourceTree = "<group>"; };
		60FCFC6E1DC183B4004F1D45 /* Base */ = {isa = PBXFileReference; lastKnownFileType = file.storyboard; name = Base; path = Base.lproj/Main.storyboard; sourceTree = "<group>"; };
		60FCFC701DC183B4004F1D45 /* Assets.xcassets */ = {isa = PBXFileReference; lastKnownFileType = folder.assetcatalog; path = Assets.xcassets; sourceTree = "<group>"; };
		60FCFC731DC183B4004F1D45 /* Base */ = {isa = PBXFileReference; lastKnownFileType = file.storyboard; name = Base; path = Base.lproj/LaunchScreen.storyboard; sourceTree = "<group>"; };
		60FCFC751DC183B4004F1D45 /* Info.plist */ = {isa = PBXFileReference; lastKnownFileType = text.plist.xml; path = Info.plist; sourceTree = "<group>"; };
		60FCFC9D1DC26CC5004F1D45 /* LoginViewController.swift */ = {isa = PBXFileReference; fileEncoding = 4; lastKnownFileType = sourcecode.swift; name = LoginViewController.swift; path = login/LoginViewController.swift; sourceTree = "<group>"; };
		60FCFC9F1DC28503004F1D45 /* TwitterClient.swift */ = {isa = PBXFileReference; fileEncoding = 4; lastKnownFileType = sourcecode.swift; path = TwitterClient.swift; sourceTree = "<group>"; };
		60FCFCA11DC2910E004F1D45 /* Tweet.swift */ = {isa = PBXFileReference; fileEncoding = 4; lastKnownFileType = sourcecode.swift; path = Tweet.swift; sourceTree = "<group>"; };
		60FCFCA31DC29F99004F1D45 /* TimelineViewController.swift */ = {isa = PBXFileReference; fileEncoding = 4; lastKnownFileType = sourcecode.swift; path = TimelineViewController.swift; sourceTree = "<group>"; };
		60FCFCA51DC29FD6004F1D45 /* TweetTableViewCell.swift */ = {isa = PBXFileReference; fileEncoding = 4; lastKnownFileType = sourcecode.swift; path = TweetTableViewCell.swift; sourceTree = "<group>"; };
		9C03585349EE997A83188C84 /* Pods_Twitter.framework */ = {isa = PBXFileReference; explicitFileType = wrapper.framework; includeInIndex = 0; path = Pods_Twitter.framework; sourceTree = BUILT_PRODUCTS_DIR; };
		B20F4D23E29162B6BDF689C4 /* Pods-Twitter.debug.xcconfig */ = {isa = PBXFileReference; includeInIndex = 1; lastKnownFileType = text.xcconfig; name = "Pods-Twitter.debug.xcconfig"; path = "Pods/Target Support Files/Pods-Twitter/Pods-Twitter.debug.xcconfig"; sourceTree = "<group>"; };
/* End PBXFileReference section */

/* Begin PBXFrameworksBuildPhase section */
		60FCFC631DC183B4004F1D45 /* Frameworks */ = {
			isa = PBXFrameworksBuildPhase;
			buildActionMask = 2147483647;
			files = (
				1A22A7EDFEB7C404390C1EAB /* Pods_Twitter.framework in Frameworks */,
			);
			runOnlyForDeploymentPostprocessing = 0;
		};
/* End PBXFrameworksBuildPhase section */

/* Begin PBXGroup section */
		210BC442173B9A205800E0FF /* Frameworks */ = {
			isa = PBXGroup;
			children = (
				9C03585349EE997A83188C84 /* Pods_Twitter.framework */,
			);
			name = Frameworks;
			sourceTree = "<group>";
		};
		60FCFC5D1DC183B4004F1D45 = {
			isa = PBXGroup;
			children = (
				60FCFC681DC183B4004F1D45 /* Twitter */,
				60FCFC671DC183B4004F1D45 /* Products */,
				826624E3525F19A5239B681E /* Pods */,
				210BC442173B9A205800E0FF /* Frameworks */,
			);
			sourceTree = "<group>";
		};
		60FCFC671DC183B4004F1D45 /* Products */ = {
			isa = PBXGroup;
			children = (
				60FCFC661DC183B4004F1D45 /* Twitter.app */,
			);
			name = Products;
			sourceTree = "<group>";
		};
		60FCFC681DC183B4004F1D45 /* Twitter */ = {
			isa = PBXGroup;
			children = (
				60FCFC691DC183B4004F1D45 /* AppDelegate.swift */,
				60FCFC6B1DC183B4004F1D45 /* ViewController.swift */,
				60FCFC6D1DC183B4004F1D45 /* Main.storyboard */,
				60FCFCA51DC29FD6004F1D45 /* TweetTableViewCell.swift */,
				60FCFC701DC183B4004F1D45 /* Assets.xcassets */,
				60FCFC721DC183B4004F1D45 /* LaunchScreen.storyboard */,
				60FCFC751DC183B4004F1D45 /* Info.plist */,
				60FCFC9D1DC26CC5004F1D45 /* LoginViewController.swift */,
				60FCFCA31DC29F99004F1D45 /* TimelineViewController.swift */,
				60FCFC9F1DC28503004F1D45 /* TwitterClient.swift */,
				60FCFCA11DC2910E004F1D45 /* Tweet.swift */,
			);
			path = Twitter;
			sourceTree = "<group>";
		};
		826624E3525F19A5239B681E /* Pods */ = {
			isa = PBXGroup;
			children = (
				B20F4D23E29162B6BDF689C4 /* Pods-Twitter.debug.xcconfig */,
				4C645324D055DC1F2AE025CF /* Pods-Twitter.release.xcconfig */,
			);
			name = Pods;
			sourceTree = "<group>";
		};
/* End PBXGroup section */

/* Begin PBXNativeTarget section */
		60FCFC651DC183B4004F1D45 /* Twitter */ = {
			isa = PBXNativeTarget;
			buildConfigurationList = 60FCFC781DC183B4004F1D45 /* Build configuration list for PBXNativeTarget "Twitter" */;
			buildPhases = (
				F8FD64FFDD0A8E50E94E86C1 /* [CP] Check Pods Manifest.lock */,
				60FCFC621DC183B4004F1D45 /* Sources */,
				60FCFC631DC183B4004F1D45 /* Frameworks */,
				60FCFC641DC183B4004F1D45 /* Resources */,
				DAFB21F98E3F9C3E5FB36F70 /* [CP] Embed Pods Frameworks */,
				EB5712CEE5195935D2A6FA82 /* [CP] Copy Pods Resources */,
			);
			buildRules = (
			);
			dependencies = (
			);
			name = Twitter;
			productName = Twitter;
			productReference = 60FCFC661DC183B4004F1D45 /* Twitter.app */;
			productType = "com.apple.product-type.application";
		};
/* End PBXNativeTarget section */

/* Begin PBXProject section */
		60FCFC5E1DC183B4004F1D45 /* Project object */ = {
			isa = PBXProject;
			attributes = {
				LastSwiftUpdateCheck = 0800;
				LastUpgradeCheck = 0800;
				ORGANIZATIONNAME = "Chihiro Saito";
				TargetAttributes = {
					60FCFC651DC183B4004F1D45 = {
						CreatedOnToolsVersion = 8.0;
						ProvisioningStyle = Automatic;
					};
				};
			};
			buildConfigurationList = 60FCFC611DC183B4004F1D45 /* Build configuration list for PBXProject "Twitter" */;
			compatibilityVersion = "Xcode 3.2";
			developmentRegion = English;
			hasScannedForEncodings = 0;
			knownRegions = (
				en,
				Base,
			);
			mainGroup = 60FCFC5D1DC183B4004F1D45;
			productRefGroup = 60FCFC671DC183B4004F1D45 /* Products */;
			projectDirPath = "";
			projectRoot = "";
			targets = (
				60FCFC651DC183B4004F1D45 /* Twitter */,
			);
		};
/* End PBXProject section */

/* Begin PBXResourcesBuildPhase section */
		60FCFC641DC183B4004F1D45 /* Resources */ = {
			isa = PBXResourcesBuildPhase;
			buildActionMask = 2147483647;
			files = (
				60FCFC741DC183B4004F1D45 /* LaunchScreen.storyboard in Resources */,
				60FCFC711DC183B4004F1D45 /* Assets.xcassets in Resources */,
				60FCFC6F1DC183B4004F1D45 /* Main.storyboard in Resources */,
			);
			runOnlyForDeploymentPostprocessing = 0;
		};
/* End PBXResourcesBuildPhase section */

/* Begin PBXShellScriptBuildPhase section */
		DAFB21F98E3F9C3E5FB36F70 /* [CP] Embed Pods Frameworks */ = {
			isa = PBXShellScriptBuildPhase;
			buildActionMask = 2147483647;
			files = (
			);
			inputPaths = (
			);
			name = "[CP] Embed Pods Frameworks";
			outputPaths = (
			);
			runOnlyForDeploymentPostprocessing = 0;
			shellPath = /bin/sh;
			shellScript = "\"${SRCROOT}/Pods/Target Support Files/Pods-Twitter/Pods-Twitter-frameworks.sh\"\n";
			showEnvVarsInLog = 0;
		};
		EB5712CEE5195935D2A6FA82 /* [CP] Copy Pods Resources */ = {
			isa = PBXShellScriptBuildPhase;
			buildActionMask = 2147483647;
			files = (
			);
			inputPaths = (
			);
			name = "[CP] Copy Pods Resources";
			outputPaths = (
			);
			runOnlyForDeploymentPostprocessing = 0;
			shellPath = /bin/sh;
			shellScript = "\"${SRCROOT}/Pods/Target Support Files/Pods-Twitter/Pods-Twitter-resources.sh\"\n";
			showEnvVarsInLog = 0;
		};
		F8FD64FFDD0A8E50E94E86C1 /* [CP] Check Pods Manifest.lock */ = {
			isa = PBXShellScriptBuildPhase;
			buildActionMask = 2147483647;
			files = (
			);
			inputPaths = (
			);
			name = "[CP] Check Pods Manifest.lock";
			outputPaths = (
			);
			runOnlyForDeploymentPostprocessing = 0;
			shellPath = /bin/sh;
			shellScript = "diff \"${PODS_ROOT}/../Podfile.lock\" \"${PODS_ROOT}/Manifest.lock\" > /dev/null\nif [ $? != 0 ] ; then\n    # print error to STDERR\n    echo \"error: The sandbox is not in sync with the Podfile.lock. Run 'pod install' or update your CocoaPods installation.\" >&2\n    exit 1\nfi\n";
			showEnvVarsInLog = 0;
		};
/* End PBXShellScriptBuildPhase section */

/* Begin PBXSourcesBuildPhase section */
		60FCFC621DC183B4004F1D45 /* Sources */ = {
			isa = PBXSourcesBuildPhase;
			buildActionMask = 2147483647;
			files = (
				60FCFCA01DC28503004F1D45 /* TwitterClient.swift in Sources */,
				60FCFCA21DC2910E004F1D45 /* Tweet.swift in Sources */,
				60FCFC9E1DC26CC5004F1D45 /* LoginViewController.swift in Sources */,
				60FCFC6C1DC183B4004F1D45 /* ViewController.swift in Sources */,
				60FCFC6A1DC183B4004F1D45 /* AppDelegate.swift in Sources */,
				60FCFCA41DC29F99004F1D45 /* TimelineViewController.swift in Sources */,
				60FCFCA61DC29FD6004F1D45 /* TweetTableViewCell.swift in Sources */,
			);
			runOnlyForDeploymentPostprocessing = 0;
		};
/* End PBXSourcesBuildPhase section */

/* Begin PBXVariantGroup section */
		60FCFC6D1DC183B4004F1D45 /* Main.storyboard */ = {
			isa = PBXVariantGroup;
			children = (
				60FCFC6E1DC183B4004F1D45 /* Base */,
			);
			name = Main.storyboard;
			sourceTree = "<group>";
		};
		60FCFC721DC183B4004F1D45 /* LaunchScreen.storyboard */ = {
			isa = PBXVariantGroup;
			children = (
				60FCFC731DC183B4004F1D45 /* Base */,
			);
			name = LaunchScreen.storyboard;
			sourceTree = "<group>";
		};
/* End PBXVariantGroup section */

/* Begin XCBuildConfiguration section */
		60FCFC761DC183B4004F1D45 /* Debug */ = {
			isa = XCBuildConfiguration;
			buildSettings = {
				ALWAYS_SEARCH_USER_PATHS = NO;
				CLANG_ANALYZER_NONNULL = YES;
				CLANG_CXX_LANGUAGE_STANDARD = "gnu++0x";
				CLANG_CXX_LIBRARY = "libc++";
				CLANG_ENABLE_MODULES = YES;
				CLANG_ENABLE_OBJC_ARC = YES;
				CLANG_WARN_BOOL_CONVERSION = YES;
				CLANG_WARN_CONSTANT_CONVERSION = YES;
				CLANG_WARN_DIRECT_OBJC_ISA_USAGE = YES_ERROR;
				CLANG_WARN_DOCUMENTATION_COMMENTS = YES;
				CLANG_WARN_EMPTY_BODY = YES;
				CLANG_WARN_ENUM_CONVERSION = YES;
				CLANG_WARN_INFINITE_RECURSION = YES;
				CLANG_WARN_INT_CONVERSION = YES;
				CLANG_WARN_OBJC_ROOT_CLASS = YES_ERROR;
				CLANG_WARN_SUSPICIOUS_MOVES = YES;
				CLANG_WARN_UNREACHABLE_CODE = YES;
				CLANG_WARN__DUPLICATE_METHOD_MATCH = YES;
				"CODE_SIGN_IDENTITY[sdk=iphoneos*]" = "iPhone Developer";
				COPY_PHASE_STRIP = NO;
				DEBUG_INFORMATION_FORMAT = dwarf;
				ENABLE_STRICT_OBJC_MSGSEND = YES;
				ENABLE_TESTABILITY = YES;
				GCC_C_LANGUAGE_STANDARD = gnu99;
				GCC_DYNAMIC_NO_PIC = NO;
				GCC_NO_COMMON_BLOCKS = YES;
				GCC_OPTIMIZATION_LEVEL = 0;
				GCC_PREPROCESSOR_DEFINITIONS = (
					"DEBUG=1",
					"$(inherited)",
				);
				GCC_WARN_64_TO_32_BIT_CONVERSION = YES;
				GCC_WARN_ABOUT_RETURN_TYPE = YES_ERROR;
				GCC_WARN_UNDECLARED_SELECTOR = YES;
				GCC_WARN_UNINITIALIZED_AUTOS = YES_AGGRESSIVE;
				GCC_WARN_UNUSED_FUNCTION = YES;
				GCC_WARN_UNUSED_VARIABLE = YES;
				IPHONEOS_DEPLOYMENT_TARGET = 10.0;
				MTL_ENABLE_DEBUG_INFO = YES;
				ONLY_ACTIVE_ARCH = YES;
				SDKROOT = iphoneos;
				SWIFT_ACTIVE_COMPILATION_CONDITIONS = DEBUG;
				SWIFT_OPTIMIZATION_LEVEL = "-Onone";
				TARGETED_DEVICE_FAMILY = "1,2";
			};
			name = Debug;
		};
		60FCFC771DC183B4004F1D45 /* Release */ = {
			isa = XCBuildConfiguration;
			buildSettings = {
				ALWAYS_SEARCH_USER_PATHS = NO;
				CLANG_ANALYZER_NONNULL = YES;
				CLANG_CXX_LANGUAGE_STANDARD = "gnu++0x";
				CLANG_CXX_LIBRARY = "libc++";
				CLANG_ENABLE_MODULES = YES;
				CLANG_ENABLE_OBJC_ARC = YES;
				CLANG_WARN_BOOL_CONVERSION = YES;
				CLANG_WARN_CONSTANT_CONVERSION = YES;
				CLANG_WARN_DIRECT_OBJC_ISA_USAGE = YES_ERROR;
				CLANG_WARN_DOCUMENTATION_COMMENTS = YES;
				CLANG_WARN_EMPTY_BODY = YES;
				CLANG_WARN_ENUM_CONVERSION = YES;
				CLANG_WARN_INFINITE_RECURSION = YES;
				CLANG_WARN_INT_CONVERSION = YES;
				CLANG_WARN_OBJC_ROOT_CLASS = YES_ERROR;
				CLANG_WARN_SUSPICIOUS_MOVES = YES;
				CLANG_WARN_UNREACHABLE_CODE = YES;
				CLANG_WARN__DUPLICATE_METHOD_MATCH = YES;
				"CODE_SIGN_IDENTITY[sdk=iphoneos*]" = "iPhone Developer";
				COPY_PHASE_STRIP = NO;
				DEBUG_INFORMATION_FORMAT = "dwarf-with-dsym";
				ENABLE_NS_ASSERTIONS = NO;
				ENABLE_STRICT_OBJC_MSGSEND = YES;
				GCC_C_LANGUAGE_STANDARD = gnu99;
				GCC_NO_COMMON_BLOCKS = YES;
				GCC_WARN_64_TO_32_BIT_CONVERSION = YES;
				GCC_WARN_ABOUT_RETURN_TYPE = YES_ERROR;
				GCC_WARN_UNDECLARED_SELECTOR = YES;
				GCC_WARN_UNINITIALIZED_AUTOS = YES_AGGRESSIVE;
				GCC_WARN_UNUSED_FUNCTION = YES;
				GCC_WARN_UNUSED_VARIABLE = YES;
				IPHONEOS_DEPLOYMENT_TARGET = 10.0;
				MTL_ENABLE_DEBUG_INFO = NO;
				SDKROOT = iphoneos;
				SWIFT_OPTIMIZATION_LEVEL = "-Owholemodule";
				TARGETED_DEVICE_FAMILY = "1,2";
				VALIDATE_PRODUCT = YES;
			};
			name = Release;
		};
		60FCFC791DC183B4004F1D45 /* Debug */ = {
			isa = XCBuildConfiguration;
			baseConfigurationReference = B20F4D23E29162B6BDF689C4 /* Pods-Twitter.debug.xcconfig */;
			buildSettings = {
				ASSETCATALOG_COMPILER_APPICON_NAME = AppIcon;
				INFOPLIST_FILE = Twitter/Info.plist;
				LD_RUNPATH_SEARCH_PATHS = "$(inherited) @executable_path/Frameworks";
				PRODUCT_BUNDLE_IDENTIFIER = projects.Twitter;
				PRODUCT_NAME = "$(TARGET_NAME)";
				SWIFT_VERSION = 3.0;
			};
			name = Debug;
		};
		60FCFC7A1DC183B4004F1D45 /* Release */ = {
			isa = XCBuildConfiguration;
			baseConfigurationReference = 4C645324D055DC1F2AE025CF /* Pods-Twitter.release.xcconfig */;
			buildSettings = {
				ASSETCATALOG_COMPILER_APPICON_NAME = AppIcon;
				INFOPLIST_FILE = Twitter/Info.plist;
				LD_RUNPATH_SEARCH_PATHS = "$(inherited) @executable_path/Frameworks";
				PRODUCT_BUNDLE_IDENTIFIER = projects.Twitter;
				PRODUCT_NAME = "$(TARGET_NAME)";
				SWIFT_VERSION = 3.0;
			};
			name = Release;
		};
/* End XCBuildConfiguration section */

/* Begin XCConfigurationList section */
		60FCFC611DC183B4004F1D45 /* Build configuration list for PBXProject "Twitter" */ = {
			isa = XCConfigurationList;
			buildConfigurations = (
				60FCFC761DC183B4004F1D45 /* Debug */,
				60FCFC771DC183B4004F1D45 /* Release */,
			);
			defaultConfigurationIsVisible = 0;
			defaultConfigurationName = Release;
		};
		60FCFC781DC183B4004F1D45 /* Build configuration list for PBXNativeTarget "Twitter" */ = {
			isa = XCConfigurationList;
			buildConfigurations = (
				60FCFC791DC183B4004F1D45 /* Debug */,
				60FCFC7A1DC183B4004F1D45 /* Release */,
			);
			defaultConfigurationIsVisible = 0;
			defaultConfigurationName = Release;
		};
/* End XCConfigurationList section */
	};
	rootObject = 60FCFC5E1DC183B4004F1D45 /* Project object */;
}
